
Microsoft Visual Studio Solution File, Format Version 12.00
# Visual Studio 15
VisualStudioVersion = 15.0.27428.2037
MinimumVisualStudioVersion = 10.0.40219.1
Project("{FAE04EC0-301F-11D3-BF4B-00C04F79EFBC}") = "DAL", "Dal\DAL.csproj", "{1190DAFA-E684-4395-BACF-135005697362}"
EndProject
Project("{FAE04EC0-301F-11D3-BF4B-00C04F79EFBC}") = "BLL", "Bll\BLL.csproj", "{58EC503E-05DD-4F0F-B55A-318733142682}"
EndProject
Project("{FAE04EC0-301F-11D3-BF4B-00C04F79EFBC}") = "BEL", "Bel\BEL.csproj", "{7969C80F-3E89-4E03-A01B-776686783353}"
EndProject
Project("{FAE04EC0-301F-11D3-BF4B-00C04F79EFBC}") = "Shr", "Shr\Shr.csproj", "{4EE82BA9-6046-419B-87AF-014443954416}"
EndProject
Project("{FAE04EC0-301F-11D3-BF4B-00C04F79EFBC}") = "Z - Tablas Generales", "Prg\Tg\Z - Tablas Generales.csproj", "{C0BF2586-5CC3-4B00-BFE7-FC9C128E6684}"
EndProject
Project("{FAE04EC0-301F-11D3-BF4B-00C04F79EFBC}") = "Z - Moviles", "T:\Rivn0100\Prg\Mv\Z - Moviles.csproj", "{651E45C5-5EF4-40A0-AD9E-174516173285}"
EndProject
Project("{FAE04EC0-301F-11D3-BF4B-00C04F79EFBC}") = "Z - Ordenes de Trabajo", "Prg\Ot\Z - Ordenes de Trabajo.csproj", "{D5B433DC-DA68-4E6B-BBD3-578604601232}"
EndProject
Project("{FAE04EC0-301F-11D3-BF4B-00C04F79EFBC}") = "Z - ControlesCustom", "Prg\ControlesCustom\Z - ControlesCustom.csproj", "{F0C6C8AA-F128-4F5A-BD1B-2332BFEA1DE4}"
EndProject
Project("{FAE04EC0-301F-11D3-BF4B-00C04F79EFBC}") = "Z - Reportes", "Prg\Rp\Z - Reportes.csproj", "{058FDFEF-4ED6-4628-9C13-059343220504}"
EndProject
Global
	GlobalSection(SolutionConfigurationPlatforms) = preSolution
		Debug|Any CPU = Debug|Any CPU
		Debug|Mixed Platforms = Debug|Mixed Platforms
		Debug|x86 = Debug|x86
		Release|Any CPU = Release|Any CPU
		Release|Mixed Platforms = Release|Mixed Platforms
		Release|x86 = Release|x86
	EndGlobalSection
	GlobalSection(ProjectConfigurationPlatforms) = postSolution
		{1190DAFA-E684-4395-BACF-135005697362}.Debug|Any CPU.ActiveCfg = Debug|Any CPU
		{1190DAFA-E684-4395-BACF-135005697362}.Debug|Any CPU.Build.0 = Debug|Any CPU
		{1190DAFA-E684-4395-BACF-135005697362}.Debug|Mixed Platforms.ActiveCfg = Debug|Any CPU
		{1190DAFA-E684-4395-BACF-135005697362}.Debug|Mixed Platforms.Build.0 = Debug|Any CPU
		{1190DAFA-E684-4395-BACF-135005697362}.Debug|x86.ActiveCfg = Debug|Any CPU
		{1190DAFA-E684-4395-BACF-135005697362}.Release|Any CPU.ActiveCfg = Release|Any CPU
		{1190DAFA-E684-4395-BACF-135005697362}.Release|Any CPU.Build.0 = Release|Any CPU
		{1190DAFA-E684-4395-BACF-135005697362}.Release|Mixed Platforms.ActiveCfg = Release|Any CPU
		{1190DAFA-E684-4395-BACF-135005697362}.Release|Mixed Platforms.Build.0 = Release|Any CPU
		{1190DAFA-E684-4395-BACF-135005697362}.Release|x86.ActiveCfg = Release|Any CPU
		{58EC503E-05DD-4F0F-B55A-318733142682}.Debug|Any CPU.ActiveCfg = Debug|Any CPU
		{58EC503E-05DD-4F0F-B55A-318733142682}.Debug|Any CPU.Build.0 = Debug|Any CPU
		{58EC503E-05DD-4F0F-B55A-318733142682}.Debug|Mixed Platforms.ActiveCfg = Debug|Any CPU
		{58EC503E-05DD-4F0F-B55A-318733142682}.Debug|Mixed Platforms.Build.0 = Debug|Any CPU
		{58EC503E-05DD-4F0F-B55A-318733142682}.Debug|x86.ActiveCfg = Debug|Any CPU
		{58EC503E-05DD-4F0F-B55A-318733142682}.Release|Any CPU.ActiveCfg = Release|Any CPU
		{58EC503E-05DD-4F0F-B55A-318733142682}.Release|Any CPU.Build.0 = Release|Any CPU
		{58EC503E-05DD-4F0F-B55A-318733142682}.Release|Mixed Platforms.ActiveCfg = Release|Any CPU
		{58EC503E-05DD-4F0F-B55A-318733142682}.Release|Mixed Platforms.Build.0 = Release|Any CPU
		{58EC503E-05DD-4F0F-B55A-318733142682}.Release|x86.ActiveCfg = Release|Any CPU
		{7969C80F-3E89-4E03-A01B-776686783353}.Debug|Any CPU.ActiveCfg = Debug|Any CPU
		{7969C80F-3E89-4E03-A01B-776686783353}.Debug|Any CPU.Build.0 = Debug|Any CPU
		{7969C80F-3E89-4E03-A01B-776686783353}.Debug|Mixed Platforms.ActiveCfg = Debug|Any CPU
		{7969C80F-3E89-4E03-A01B-776686783353}.Debug|Mixed Platforms.Build.0 = Debug|Any CPU
		{7969C80F-3E89-4E03-A01B-776686783353}.Debug|x86.ActiveCfg = Debug|Any CPU
		{7969C80F-3E89-4E03-A01B-776686783353}.Release|Any CPU.ActiveCfg = Release|Any CPU
		{7969C80F-3E89-4E03-A01B-776686783353}.Release|Any CPU.Build.0 = Release|Any CPU
		{7969C80F-3E89-4E03-A01B-776686783353}.Release|Mixed Platforms.ActiveCfg = Release|Any CPU
		{7969C80F-3E89-4E03-A01B-776686783353}.Release|Mixed Platforms.Build.0 = Release|Any CPU
		{7969C80F-3E89-4E03-A01B-776686783353}.Release|x86.ActiveCfg = Release|Any CPU
		{4EE82BA9-6046-419B-87AF-014443954416}.Debug|Any CPU.ActiveCfg = Debug|Any CPU
		{4EE82BA9-6046-419B-87AF-014443954416}.Debug|Any CPU.Build.0 = Debug|Any CPU
		{4EE82BA9-6046-419B-87AF-014443954416}.Debug|Mixed Platforms.ActiveCfg = Debug|Any CPU
		{4EE82BA9-6046-419B-87AF-014443954416}.Debug|Mixed Platforms.Build.0 = Debug|Any CPU
		{4EE82BA9-6046-419B-87AF-014443954416}.Debug|x86.ActiveCfg = Debug|Any CPU
		{4EE82BA9-6046-419B-87AF-014443954416}.Release|Any CPU.ActiveCfg = Release|Any CPU
		{4EE82BA9-6046-419B-87AF-014443954416}.Release|Any CPU.Build.0 = Release|Any CPU
		{4EE82BA9-6046-419B-87AF-014443954416}.Release|Mixed Platforms.ActiveCfg = Release|Any CPU
		{4EE82BA9-6046-419B-87AF-014443954416}.Release|Mixed Platforms.Build.0 = Release|Any CPU
		{4EE82BA9-6046-419B-87AF-014443954416}.Release|x86.ActiveCfg = Release|Any CPU
		{C0BF2586-5CC3-4B00-BFE7-FC9C128E6684}.Debug|Any CPU.ActiveCfg = Debug|x86
		{C0BF2586-5CC3-4B00-BFE7-FC9C128E6684}.Debug|Mixed Platforms.ActiveCfg = Debug|x86
		{C0BF2586-5CC3-4B00-BFE7-FC9C128E6684}.Debug|Mixed Platforms.Build.0 = Debug|x86
		{C0BF2586-5CC3-4B00-BFE7-FC9C128E6684}.Debug|x86.ActiveCfg = Debug|x86
		{C0BF2586-5CC3-4B00-BFE7-FC9C128E6684}.Debug|x86.Build.0 = Debug|x86
		{C0BF2586-5CC3-4B00-BFE7-FC9C128E6684}.Release|Any CPU.ActiveCfg = Release|x86
		{C0BF2586-5CC3-4B00-BFE7-FC9C128E6684}.Release|Mixed Platforms.ActiveCfg = Release|x86
		{C0BF2586-5CC3-4B00-BFE7-FC9C128E6684}.Release|Mixed Platforms.Build.0 = Release|x86
		{C0BF2586-5CC3-4B00-BFE7-FC9C128E6684}.Release|x86.ActiveCfg = Release|x86
		{C0BF2586-5CC3-4B00-BFE7-FC9C128E6684}.Release|x86.Build.0 = Release|x86
		{651E45C5-5EF4-40A0-AD9E-174516173285}.Debug|Any CPU.ActiveCfg = Debug|Any CPU
		{651E45C5-5EF4-40A0-AD9E-174516173285}.Debug|Any CPU.Build.0 = Debug|Any CPU
		{651E45C5-5EF4-40A0-AD9E-174516173285}.Debug|Mixed Platforms.ActiveCfg = Debug|Any CPU
		{651E45C5-5EF4-40A0-AD9E-174516173285}.Debug|Mixed Platforms.Build.0 = Debug|Any CPU
		{651E45C5-5EF4-40A0-AD9E-174516173285}.Debug|x86.ActiveCfg = Debug|Any CPU
		{651E45C5-5EF4-40A0-AD9E-174516173285}.Release|Any CPU.ActiveCfg = Release|Any CPU
		{651E45C5-5EF4-40A0-AD9E-174516173285}.Release|Any CPU.Build.0 = Release|Any CPU
		{651E45C5-5EF4-40A0-AD9E-174516173285}.Release|Mixed Platforms.ActiveCfg = Release|Any CPU
		{651E45C5-5EF4-40A0-AD9E-174516173285}.Release|Mixed Platforms.Build.0 = Release|Any CPU
		{651E45C5-5EF4-40A0-AD9E-174516173285}.Release|x86.ActiveCfg = Release|Any CPU
		{D5B433DC-DA68-4E6B-BBD3-578604601232}.Debug|Any CPU.ActiveCfg = Debug|Any CPU
		{D5B433DC-DA68-4E6B-BBD3-578604601232}.Debug|Any CPU.Build.0 = Debug|Any CPU
		{D5B433DC-DA68-4E6B-BBD3-578604601232}.Debug|Mixed Platforms.ActiveCfg = Debug|Any CPU
		{D5B433DC-DA68-4E6B-BBD3-578604601232}.Debug|Mixed Platforms.Build.0 = Debug|Any CPU
		{D5B433DC-DA68-4E6B-BBD3-578604601232}.Debug|x86.ActiveCfg = Debug|Any CPU
		{D5B433DC-DA68-4E6B-BBD3-578604601232}.Release|Any CPU.ActiveCfg = Release|Any CPU
		{D5B433DC-DA68-4E6B-BBD3-578604601232}.Release|Any CPU.Build.0 = Release|Any CPU
		{D5B433DC-DA68-4E6B-BBD3-578604601232}.Release|Mixed Platforms.ActiveCfg = Release|Any CPU
		{D5B433DC-DA68-4E6B-BBD3-578604601232}.Release|Mixed Platforms.Build.0 = Release|Any CPU
		{D5B433DC-DA68-4E6B-BBD3-578604601232}.Release|x86.ActiveCfg = Release|Any CPU
		{F0C6C8AA-F128-4F5A-BD1B-2332BFEA1DE4}.Debug|Any CPU.ActiveCfg = Debug|Any CPU
		{F0C6C8AA-F128-4F5A-BD1B-2332BFEA1DE4}.Debug|Any CPU.Build.0 = Debug|Any CPU
		{F0C6C8AA-F128-4F5A-BD1B-2332BFEA1DE4}.Debug|Mixed Platforms.ActiveCfg = Debug|Any CPU
		{F0C6C8AA-F128-4F5A-BD1B-2332BFEA1DE4}.Debug|Mixed Platforms.Build.0 = Debug|Any CPU
		{F0C6C8AA-F128-4F5A-BD1B-2332BFEA1DE4}.Debug|x86.ActiveCfg = Debug|Any CPU
		{F0C6C8AA-F128-4F5A-BD1B-2332BFEA1DE4}.Release|Any CPU.ActiveCfg = Release|Any CPU
		{F0C6C8AA-F128-4F5A-BD1B-2332BFEA1DE4}.Release|Any CPU.Build.0 = Release|Any CPU
		{F0C6C8AA-F128-4F5A-BD1B-2332BFEA1DE4}.Release|Mixed Platforms.ActiveCfg = Release|Any CPU
		{F0C6C8AA-F128-4F5A-BD1B-2332BFEA1DE4}.Release|Mixed Platforms.Build.0 = Release|Any CPU
		{F0C6C8AA-F128-4F5A-BD1B-2332BFEA1DE4}.Release|x86.ActiveCfg = Release|Any CPU
		{058FDFEF-4ED6-4628-9C13-059343220504}.Debug|Any CPU.ActiveCfg = Debug|Any CPU
		{058FDFEF-4ED6-4628-9C13-059343220504}.Debug|Any CPU.Build.0 = Debug|Any CPU
		{058FDFEF-4ED6-4628-9C13-059343220504}.Debug|Mixed Platforms.ActiveCfg = Debug|Any CPU
		{058FDFEF-4ED6-4628-9C13-059343220504}.Debug|Mixed Platforms.Build.0 = Debug|Any CPU
		{058FDFEF-4ED6-4628-9C13-059343220504}.Debug|x86.ActiveCfg = Debug|Any CPU
		{058FDFEF-4ED6-4628-9C13-059343220504}.Release|Any CPU.ActiveCfg = Release|Any CPU
		{058FDFEF-4ED6-4628-9C13-059343220504}.Release|Any CPU.Build.0 = Release|Any CPU
		{058FDFEF-4ED6-4628-9C13-059343220504}.Release|Mixed Platforms.ActiveCfg = Release|Any CPU
		{058FDFEF-4ED6-4628-9C13-059343220504}.Release|Mixed Platforms.Build.0 = Release|Any CPU
		{058FDFEF-4ED6-4628-9C13-059343220504}.Release|x86.ActiveCfg = Release|Any CPU
	EndGlobalSection
	GlobalSection(SolutionProperties) = preSolution
		HideSolutionNode = FALSE
	EndGlobalSection
	GlobalSection(ExtensibilityGlobals) = postSolution
		SolutionGuid = {FE1C4295-110F-494D-96C5-50074B2833F7}
	EndGlobalSection
EndGlobal
